// !$*UTF8*$!
{
	archiveVersion = 1;
	classes = {
	};
	objectVersion = 56;
	objects = {

/* Begin PBXBuildFile section */
		8BFC14D7299A011E00E8F8C4 /* AppDelegate.swift in Sources */ = {isa = PBXBuildFile; fileRef = 8BFC14D6299A011E00E8F8C4 /* AppDelegate.swift */; };
		8BFC14D9299A011E00E8F8C4 /* SceneDelegate.swift in Sources */ = {isa = PBXBuildFile; fileRef = 8BFC14D8299A011E00E8F8C4 /* SceneDelegate.swift */; };
		8BFC14DB299A011E00E8F8C4 /* ViewController.swift in Sources */ = {isa = PBXBuildFile; fileRef = 8BFC14DA299A011E00E8F8C4 /* ViewController.swift */; };
		8BFC14DE299A011E00E8F8C4 /* Main.storyboard in Resources */ = {isa = PBXBuildFile; fileRef = 8BFC14DC299A011E00E8F8C4 /* Main.storyboard */; };
		8BFC14E0299A011E00E8F8C4 /* Assets.xcassets in Resources */ = {isa = PBXBuildFile; fileRef = 8BFC14DF299A011E00E8F8C4 /* Assets.xcassets */; };
		8BFC14E3299A011E00E8F8C4 /* LaunchScreen.storyboard in Resources */ = {isa = PBXBuildFile; fileRef = 8BFC14E1299A011E00E8F8C4 /* LaunchScreen.storyboard */; };
		8BFC14EB299A01FA00E8F8C4 /* NavigateViewController.swift in Sources */ = {isa = PBXBuildFile; fileRef = 8BFC14EA299A01FA00E8F8C4 /* NavigateViewController.swift */; };
		8BFC14EE299A1EA800E8F8C4 /* converterLogic.swift in Sources */ = {isa = PBXBuildFile; fileRef = 8BFC14ED299A1EA800E8F8C4 /* converterLogic.swift */; };
/* End PBXBuildFile section */

/* Begin PBXFileReference section */
		8BFC14D3299A011E00E8F8C4 /* Assignment 5.app */ = {isa = PBXFileReference; explicitFileType = wrapper.application; includeInIndex = 0; path = "Assignment 5.app"; sourceTree = BUILT_PRODUCTS_DIR; };
		8BFC14D6299A011E00E8F8C4 /* AppDelegate.swift */ = {isa = PBXFileReference; lastKnownFileType = sourcecode.swift; path = AppDelegate.swift; sourceTree = "<group>"; };
		8BFC14D8299A011E00E8F8C4 /* SceneDelegate.swift */ = {isa = PBXFileReference; lastKnownFileType = sourcecode.swift; path = SceneDelegate.swift; sourceTree = "<group>"; };
		8BFC14DA299A011E00E8F8C4 /* ViewController.swift */ = {isa = PBXFileReference; lastKnownFileType = sourcecode.swift; path = ViewController.swift; sourceTree = "<group>"; };
		8BFC14DD299A011E00E8F8C4 /* Base */ = {isa = PBXFileReference; lastKnownFileType = file.storyboard; name = Base; path = Base.lproj/Main.storyboard; sourceTree = "<group>"; };
		8BFC14DF299A011E00E8F8C4 /* Assets.xcassets */ = {isa = PBXFileReference; lastKnownFileType = folder.assetcatalog; path = Assets.xcassets; sourceTree = "<group>"; };
		8BFC14E2299A011E00E8F8C4 /* Base */ = {isa = PBXFileReference; lastKnownFileType = file.storyboard; name = Base; path = Base.lproj/LaunchScreen.storyboard; sourceTree = "<group>"; };
		8BFC14E4299A011E00E8F8C4 /* Info.plist */ = {isa = PBXFileReference; lastKnownFileType = text.plist.xml; path = Info.plist; sourceTree = "<group>"; };
		8BFC14EA299A01FA00E8F8C4 /* NavigateViewController.swift */ = {isa = PBXFileReference; lastKnownFileType = sourcecode.swift; path = NavigateViewController.swift; sourceTree = "<group>"; };
		8BFC14ED299A1EA800E8F8C4 /* converterLogic.swift */ = {isa = PBXFileReference; lastKnownFileType = sourcecode.swift; path = converterLogic.swift; sourceTree = "<group>"; };
/* End PBXFileReference section */

/* Begin PBXFrameworksBuildPhase section */
		8BFC14D0299A011E00E8F8C4 /* Frameworks */ = {
			isa = PBXFrameworksBuildPhase;
			buildActionMask = 2147483647;
			files = (
			);
			runOnlyForDeploymentPostprocessing = 0;
		};
/* End PBXFrameworksBuildPhase section */

/* Begin PBXGroup section */
		8BFC14CA299A011E00E8F8C4 = {
			isa = PBXGroup;
			children = (
				8BFC14D5299A011E00E8F8C4 /* Assignment 5 */,
				8BFC14D4299A011E00E8F8C4 /* Products */,
			);
			sourceTree = "<group>";
		};
		8BFC14D4299A011E00E8F8C4 /* Products */ = {
			isa = PBXGroup;
			children = (
				8BFC14D3299A011E00E8F8C4 /* Assignment 5.app */,
			);
			name = Products;
			sourceTree = "<group>";
		};
		8BFC14D5299A011E00E8F8C4 /* Assignment 5 */ = {
			isa = PBXGroup;
			children = (
				8BFC14D6299A011E00E8F8C4 /* AppDelegate.swift */,
				8BFC14D8299A011E00E8F8C4 /* SceneDelegate.swift */,
				8BFC14EF299A1EBA00E8F8C4 /* Model */,
				8BFC14EC299A1E6D00E8F8C4 /* View */,
				8BFC14DC299A011E00E8F8C4 /* Main.storyboard */,
				8BFC14DF299A011E00E8F8C4 /* Assets.xcassets */,
				8BFC14E1299A011E00E8F8C4 /* LaunchScreen.storyboard */,
				8BFC14E4299A011E00E8F8C4 /* Info.plist */,
			);
			path = "Assignment 5";
			sourceTree = "<group>";
		};
		8BFC14EC299A1E6D00E8F8C4 /* View */ = {
			isa = PBXGroup;
			children = (
				8BFC14DA299A011E00E8F8C4 /* ViewController.swift */,
				8BFC14EA299A01FA00E8F8C4 /* NavigateViewController.swift */,
			);
			path = View;
			sourceTree = "<group>";
		};
		8BFC14EF299A1EBA00E8F8C4 /* Model */ = {
			isa = PBXGroup;
			children = (
				8BFC14ED299A1EA800E8F8C4 /* converterLogic.swift */,
			);
			path = Model;
			sourceTree = "<group>";
		};
/* End PBXGroup section */

/* Begin PBXNativeTarget section */
		8BFC14D2299A011E00E8F8C4 /* Assignment 5 */ = {
			isa = PBXNativeTarget;
			buildConfigurationList = 8BFC14E7299A011E00E8F8C4 /* Build configuration list for PBXNativeTarget "Assignment 5" */;
			buildPhases = (
				8BFC14CF299A011E00E8F8C4 /* Sources */,
				8BFC14D0299A011E00E8F8C4 /* Frameworks */,
				8BFC14D1299A011E00E8F8C4 /* Resources */,
			);
			buildRules = (
			);
			dependencies = (
			);
			name = "Assignment 5";
			productName = "Assignment 5";
			productReference = 8BFC14D3299A011E00E8F8C4 /* Assignment 5.app */;
			productType = "com.apple.product-type.application";
		};
/* End PBXNativeTarget section */

/* Begin PBXProject section */
		8BFC14CB299A011E00E8F8C4 /* Project object */ = {
			isa = PBXProject;
			attributes = {
				BuildIndependentTargetsInParallel = 1;
				LastSwiftUpdateCheck = 1420;
				LastUpgradeCheck = 1420;
				TargetAttributes = {
					8BFC14D2299A011E00E8F8C4 = {
						CreatedOnToolsVersion = 14.2;
					};
				};
			};
			buildConfigurationList = 8BFC14CE299A011E00E8F8C4 /* Build configuration list for PBXProject "Assignment 5" */;
			compatibilityVersion = "Xcode 14.0";
			developmentRegion = en;
			hasScannedForEncodings = 0;
			knownRegions = (
				en,
				Base,
			);
			mainGroup = 8BFC14CA299A011E00E8F8C4;
			productRefGroup = 8BFC14D4299A011E00E8F8C4 /* Products */;
			projectDirPath = "";
			projectRoot = "";
			targets = (
				8BFC14D2299A011E00E8F8C4 /* Assignment 5 */,
			);
		};
/* End PBXProject section */

/* Begin PBXResourcesBuildPhase section */
		8BFC14D1299A011E00E8F8C4 /* Resources */ = {
			isa = PBXResourcesBuildPhase;
			buildActionMask = 2147483647;
			files = (
				8BFC14E3299A011E00E8F8C4 /* LaunchScreen.storyboard in Resources */,
				8BFC14E0299A011E00E8F8C4 /* Assets.xcassets in Resources */,
				8BFC14DE299A011E00E8F8C4 /* Main.storyboard in Resources */,
			);
			runOnlyForDeploymentPostprocessing = 0;
		};
/* End PBXResourcesBuildPhase section */

/* Begin PBXSourcesBuildPhase section */
		8BFC14CF299A011E00E8F8C4 /* Sources */ = {
			isa = PBXSourcesBuildPhase;
			buildActionMask = 2147483647;
			files = (
				8BFC14DB299A011E00E8F8C4 /* ViewController.swift in Sources */,
				8BFC14EB299A01FA00E8F8C4 /* NavigateViewController.swift in Sources */,
				8BFC14D7299A011E00E8F8C4 /* AppDelegate.swift in Sources */,
				8BFC14EE299A1EA800E8F8C4 /* converterLogic.swift in Sources */,
				8BFC14D9299A011E00E8F8C4 /* SceneDelegate.swift in Sources */,
			);
			runOnlyForDeploymentPostprocessing = 0;
		};
/* End PBXSourcesBuildPhase section */

/* Begin PBXVariantGroup section */
		8BFC14DC299A011E00E8F8C4 /* Main.storyboard */ = {
			isa = PBXVariantGroup;
			children = (
				8BFC14DD299A011E00E8F8C4 /* Base */,
			);
			name = Main.storyboard;
			sourceTree = "<group>";
		};
		8BFC14E1299A011E00E8F8C4 /* LaunchScreen.storyboard */ = {
			isa = PBXVariantGroup;
			children = (
				8BFC14E2299A011E00E8F8C4 /* Base */,
			);
			name = LaunchScreen.storyboard;
			sourceTree = "<group>";
		};
/* End PBXVariantGroup section */

/* Begin XCBuildConfiguration section */
		8BFC14E5299A011E00E8F8C4 /* Debug */ = {
			isa = XCBuildConfiguration;
			buildSettings = {
				ALWAYS_SEARCH_USER_PATHS = NO;
				CLANG_ANALYZER_NONNULL = YES;
				CLANG_ANALYZER_NUMBER_OBJECT_CONVERSION = YES_AGGRESSIVE;
				CLANG_CXX_LANGUAGE_STANDARD = "gnu++20";
				CLANG_ENABLE_MODULES = YES;
				CLANG_ENABLE_OBJC_ARC = YES;
				CLANG_ENABLE_OBJC_WEAK = YES;
				CLANG_WARN_BLOCK_CAPTURE_AUTORELEASING = YES;
				CLANG_WARN_BOOL_CONVERSION = YES;
				CLANG_WARN_COMMA = YES;
				CLANG_WARN_CONSTANT_CONVERSION = YES;
				CLANG_WARN_DEPRECATED_OBJC_IMPLEMENTATIONS = YES;
				CLANG_WARN_DIRECT_OBJC_ISA_USAGE = YES_ERROR;
				CLANG_WARN_DOCUMENTATION_COMMENTS = YES;
				CLANG_WARN_EMPTY_BODY = YES;
				CLANG_WARN_ENUM_CONVERSION = YES;
				CLANG_WARN_INFINITE_RECURSION = YES;
				CLANG_WARN_INT_CONVERSION = YES;
				CLANG_WARN_NON_LITERAL_NULL_CONVERSION = YES;
				CLANG_WARN_OBJC_IMPLICIT_RETAIN_SELF = YES;
				CLANG_WARN_OBJC_LITERAL_CONVERSION = YES;
				CLANG_WARN_OBJC_ROOT_CLASS = YES_ERROR;
				CLANG_WARN_QUOTED_INCLUDE_IN_FRAMEWORK_HEADER = YES;
				CLANG_WARN_RANGE_LOOP_ANALYSIS = YES;
				CLANG_WARN_STRICT_PROTOTYPES = YES;
				CLANG_WARN_SUSPICIOUS_MOVE = YES;
				CLANG_WARN_UNGUARDED_AVAILABILITY = YES_AGGRESSIVE;
				CLANG_WARN_UNREACHABLE_CODE = YES;
				CLANG_WARN__DUPLICATE_METHOD_MATCH = YES;
				COPY_PHASE_STRIP = NO;
				DEBUG_INFORMATION_FORMAT = dwarf;
				ENABLE_STRICT_OBJC_MSGSEND = YES;
				ENABLE_TESTABILITY = YES;
				GCC_C_LANGUAGE_STANDARD = gnu11;
				GCC_DYNAMIC_NO_PIC = NO;
				GCC_NO_COMMON_BLOCKS = YES;
				GCC_OPTIMIZATION_LEVEL = 0;
				GCC_PREPROCESSOR_DEFINITIONS = (
					"DEBUG=1",
					"$(inherited)",
				);
				GCC_WARN_64_TO_32_BIT_CONVERSION = YES;
				GCC_WARN_ABOUT_RETURN_TYPE = YES_ERROR;
				GCC_WARN_UNDECLARED_SELECTOR = YES;
				GCC_WARN_UNINITIALIZED_AUTOS = YES_AGGRESSIVE;
				GCC_WARN_UNUSED_FUNCTION = YES;
				GCC_WARN_UNUSED_VARIABLE = YES;
				IPHONEOS_DEPLOYMENT_TARGET = 16.2;
				MTL_ENABLE_DEBUG_INFO = INCLUDE_SOURCE;
				MTL_FAST_MATH = YES;
				ONLY_ACTIVE_ARCH = YES;
				SDKROOT = iphoneos;
				SWIFT_ACTIVE_COMPILATION_CONDITIONS = DEBUG;
				SWIFT_OPTIMIZATION_LEVEL = "-Onone";
			};
			name = Debug;
		};
		8BFC14E6299A011E00E8F8C4 /* Release */ = {
			isa = XCBuildConfiguration;
			buildSettings = {
				ALWAYS_SEARCH_USER_PATHS = NO;
				CLANG_ANALYZER_NONNULL = YES;
				CLANG_ANALYZER_NUMBER_OBJECT_CONVERSION = YES_AGGRESSIVE;
				CLANG_CXX_LANGUAGE_STANDARD = "gnu++20";
				CLANG_ENABLE_MODULES = YES;
				CLANG_ENABLE_OBJC_ARC = YES;
				CLANG_ENABLE_OBJC_WEAK = YES;
				CLANG_WARN_BLOCK_CAPTURE_AUTORELEASING = YES;
				CLANG_WARN_BOOL_CONVERSION = YES;
				CLANG_WARN_COMMA = YES;
				CLANG_WARN_CONSTANT_CONVERSION = YES;
				CLANG_WARN_DEPRECATED_OBJC_IMPLEMENTATIONS = YES;
				CLANG_WARN_DIRECT_OBJC_ISA_USAGE = YES_ERROR;
				CLANG_WARN_DOCUMENTATION_COMMENTS = YES;
				CLANG_WARN_EMPTY_BODY = YES;
				CLANG_WARN_ENUM_CONVERSION = YES;
				CLANG_WARN_INFINITE_RECURSION = YES;
				CLANG_WARN_INT_CONVERSION = YES;
				CLANG_WARN_NON_LITERAL_NULL_CONVERSION = YES;
				CLANG_WARN_OBJC_IMPLICIT_RETAIN_SELF = YES;
				CLANG_WARN_OBJC_LITERAL_CONVERSION = YES;
				CLANG_WARN_OBJC_ROOT_CLASS = YES_ERROR;
				CLANG_WARN_QUOTED_INCLUDE_IN_FRAMEWORK_HEADER = YES;
				CLANG_WARN_RANGE_LOOP_ANALYSIS = YES;
				CLANG_WARN_STRICT_PROTOTYPES = YES;
				CLANG_WARN_SUSPICIOUS_MOVE = YES;
				CLANG_WARN_UNGUARDED_AVAILABILITY = YES_AGGRESSIVE;
				CLANG_WARN_UNREACHABLE_CODE = YES;
				CLANG_WARN__DUPLICATE_METHOD_MATCH = YES;
				COPY_PHASE_STRIP = NO;
				DEBUG_INFORMATION_FORMAT = "dwarf-with-dsym";
				ENABLE_NS_ASSERTIONS = NO;
				ENABLE_STRICT_OBJC_MSGSEND = YES;
				GCC_C_LANGUAGE_STANDARD = gnu11;
				GCC_NO_COMMON_BLOCKS = YES;
				GCC_WARN_64_TO_32_BIT_CONVERSION = YES;
				GCC_WARN_ABOUT_RETURN_TYPE = YES_ERROR;
				GCC_WARN_UNDECLARED_SELECTOR = YES;
				GCC_WARN_UNINITIALIZED_AUTOS = YES_AGGRESSIVE;
				GCC_WARN_UNUSED_FUNCTION = YES;
				GCC_WARN_UNUSED_VARIABLE = YES;
				IPHONEOS_DEPLOYMENT_TARGET = 16.2;
				MTL_ENABLE_DEBUG_INFO = NO;
				MTL_FAST_MATH = YES;
				SDKROOT = iphoneos;
				SWIFT_COMPILATION_MODE = wholemodule;
				SWIFT_OPTIMIZATION_LEVEL = "-O";
				VALIDATE_PRODUCT = YES;
			};
			name = Release;
		};
		8BFC14E8299A011E00E8F8C4 /* Debug */ = {
			isa = XCBuildConfiguration;
			buildSettings = {
				ASSETCATALOG_COMPILER_APPICON_NAME = AppIcon;
				ASSETCATALOG_COMPILER_GLOBAL_ACCENT_COLOR_NAME = AccentColor;
				CODE_SIGN_STYLE = Automatic;
				CURRENT_PROJECT_VERSION = 1;
				GENERATE_INFOPLIST_FILE = YES;
				INFOPLIST_FILE = "Assignment 5/Info.plist";
				INFOPLIST_KEY_UIApplicationSupportsIndirectInputEvents = YES;
				INFOPLIST_KEY_UILaunchStoryboardName = LaunchScreen;
				INFOPLIST_KEY_UIMainStoryboardFile = Main;
				INFOPLIST_KEY_UISupportedInterfaceOrientations_iPad = "UIInterfaceOrientationPortrait UIInterfaceOrientationPortraitUpsideDown UIInterfaceOrientationLandscapeLeft UIInterfaceOrientationLandscapeRight";
				INFOPLIST_KEY_UISupportedInterfaceOrientations_iPhone = "UIInterfaceOrientationPortrait UIInterfaceOrientationLandscapeLeft UIInterfaceOrientationLandscapeRight";
				LD_RUNPATH_SEARCH_PATHS = (
					"$(inherited)",
					"@executable_path/Frameworks",
				);
				MARKETING_VERSION = 1.0;
				PRODUCT_BUNDLE_IDENTIFIER = "baw0058.Assignment-5";
				PRODUCT_NAME = "$(TARGET_NAME)";
				SWIFT_EMIT_LOC_STRINGS = YES;
				SWIFT_VERSION = 5.0;
				TARGETED_DEVICE_FAMILY = "1,2";
			};
			name = Debug;
		};
		8BFC14E9299A011E00E8F8C4 /* Release */ = {
			isa = XCBuildConfiguration;
			buildSettings = {
				ASSETCATALOG_COMPILER_APPICON_NAME = AppIcon;
				ASSETCATALOG_COMPILER_GLOBAL_ACCENT_COLOR_NAME = AccentColor;
				CODE_SIGN_STYLE = Automatic;
				CURRENT_PROJECT_VERSION = 1;
				GENERATE_INFOPLIST_FILE = YES;
				INFOPLIST_FILE = "Assignment 5/Info.plist";
				INFOPLIST_KEY_UIApplicationSupportsIndirectInputEvents = YES;
				INFOPLIST_KEY_UILaunchStoryboardName = LaunchScreen;
				INFOPLIST_KEY_UIMainStoryboardFile = Main;
				INFOPLIST_KEY_UISupportedInterfaceOrientations_iPad = "UIInterfaceOrientationPortrait UIInterfaceOrientationPortraitUpsideDown UIInterfaceOrientationLandscapeLeft UIInterfaceOrientationLandscapeRight";
				INFOPLIST_KEY_UISupportedInterfaceOrientations_iPhone = "UIInterfaceOrientationPortrait UIInterfaceOrientationLandscapeLeft UIInterfaceOrientationLandscapeRight";
				LD_RUNPATH_SEARCH_PATHS = (
					"$(inherited)",
					"@executable_path/Frameworks",
				);
				MARKETING_VERSION = 1.0;
				PRODUCT_BUNDLE_IDENTIFIER = "baw0058.Assignment-5";
				PRODUCT_NAME = "$(TARGET_NAME)";
				SWIFT_EMIT_LOC_STRINGS = YES;
				SWIFT_VERSION = 5.0;
				TARGETED_DEVICE_FAMILY = "1,2";
			};
			name = Release;
		};
/* End XCBuildConfiguration section */

/* Begin XCConfigurationList section */
		8BFC14CE299A011E00E8F8C4 /* Build configuration list for PBXProject "Assignment 5" */ = {
			isa = XCConfigurationList;
			buildConfigurations = (
				8BFC14E5299A011E00E8F8C4 /* Debug */,
				8BFC14E6299A011E00E8F8C4 /* Release */,
			);
			defaultConfigurationIsVisible = 0;
			defaultConfigurationName = Release;
		};
		8BFC14E7299A011E00E8F8C4 /* Build configuration list for PBXNativeTarget "Assignment 5" */ = {
			isa = XCConfigurationList;
			buildConfigurations = (
				8BFC14E8299A011E00E8F8C4 /* Debug */,
				8BFC14E9299A011E00E8F8C4 /* Release */,
			);
			defaultConfigurationIsVisible = 0;
			defaultConfigurationName = Release;
		};
/* End XCConfigurationList section */
	};
	rootObject = 8BFC14CB299A011E00E8F8C4 /* Project object */;
}
